
Microsoft Visual Studio Solution File, Format Version 12.00
# Visual Studio 15
Project("{FAE04EC0-301F-11D3-BF4B-00C04F79EFBC}") = "Assembly-CSharp-firstpass", "Assembly-CSharp-firstpass.csproj", "{759DAA57-E75D-F130-3B56-972AC328B022}"
EndProject
Project("{FAE04EC0-301F-11D3-BF4B-00C04F79EFBC}") = "Assembly-CSharp", "Assembly-CSharp.csproj", "{79AB9E19-80D2-9371-9938-E231E9E928AA}"
EndProject
Global
	GlobalSection(SolutionConfigurationPlatforms) = preSolution
		Debug|Any CPU = Debug|Any CPU
		Release|Any CPU = Release|Any CPU
	EndGlobalSection
	GlobalSection(ProjectConfigurationPlatforms) = postSolution
		{759DAA57-E75D-F130-3B56-972AC328B022}.Debug|Any CPU.ActiveCfg = Debug|Any CPU
		{759DAA57-E75D-F130-3B56-972AC328B022}.Debug|Any CPU.Build.0 = Debug|Any CPU
		{759DAA57-E75D-F130-3B56-972AC328B022}.Release|Any CPU.ActiveCfg = Release|Any CPU
		{759DAA57-E75D-F130-3B56-972AC328B022}.Release|Any CPU.Build.0 = Release|Any CPU
		{79AB9E19-80D2-9371-9938-E231E9E928AA}.Debug|Any CPU.ActiveCfg = Debug|Any CPU
		{79AB9E19-80D2-9371-9938-E231E9E928AA}.Debug|Any CPU.Build.0 = Debug|Any CPU
		{79AB9E19-80D2-9371-9938-E231E9E928AA}.Release|Any CPU.ActiveCfg = Release|Any CPU
		{79AB9E19-80D2-9371-9938-E231E9E928AA}.Release|Any CPU.Build.0 = Release|Any CPU
	EndGlobalSection
	GlobalSection(SolutionProperties) = preSolution
		HideSolutionNode = FALSE
	EndGlobalSection
EndGlobal
